
Microsoft Visual Studio Solution File, Format Version 12.00
# Visual Studio Version 17
VisualStudioVersion = 17.6.33801.468
MinimumVisualStudioVersion = 10.0.40219.1
Project("{FAE04EC0-301F-11D3-BF4B-00C04F79EFBC}") = "Configson", "Configson\Configson.csproj", "{0600021D-EB9A-4585-9D8D-53AB830E1576}"
EndProject
Global
	GlobalSection(SolutionConfigurationPlatforms) = preSolution
		Debug|Any CPU = Debug|Any CPU
		Release|Any CPU = Release|Any CPU
	EndGlobalSection
	GlobalSection(ProjectConfigurationPlatforms) = postSolution
		{0600021D-EB9A-4585-9D8D-53AB830E1576}.Debug|Any CPU.ActiveCfg = Debug|Any CPU
		{0600021D-EB9A-4585-9D8D-53AB830E1576}.Debug|Any CPU.Build.0 = Debug|Any CPU
		{0600021D-EB9A-4585-9D8D-53AB830E1576}.Release|Any CPU.ActiveCfg = Release|Any CPU
		{0600021D-EB9A-4585-9D8D-53AB830E1576}.Release|Any CPU.Build.0 = Release|Any CPU
	EndGlobalSection
	GlobalSection(SolutionProperties) = preSolution
		HideSolutionNode = FALSE
	EndGlobalSection
	GlobalSection(ExtensibilityGlobals) = postSolution
		SolutionGuid = {49B1A5DC-A684-4602-81F2-801043D4960D}
	EndGlobalSection
EndGlobal
